
Microsoft Visual Studio Solution File, Format Version 12.00
# Visual Studio Version 17
VisualStudioVersion = 17.10.35027.167
MinimumVisualStudioVersion = 10.0.40219.1
Project("{FAE04EC0-301F-11D3-BF4B-00C04F79EFBC}") = "TodoListBlazorWasm", "TodoListBlazorWasm\TodoListBlazorWasm.csproj", "{A849A01B-B8BF-4102-BEBD-0100B11047FB}"
EndProject
Global
	GlobalSection(SolutionConfigurationPlatforms) = preSolution
		Debug|Any CPU = Debug|Any CPU
		Release|Any CPU = Release|Any CPU
	EndGlobalSection
	GlobalSection(ProjectConfigurationPlatforms) = postSolution
		{A849A01B-B8BF-4102-BEBD-0100B11047FB}.Debug|Any CPU.ActiveCfg = Debug|Any CPU
		{A849A01B-B8BF-4102-BEBD-0100B11047FB}.Debug|Any CPU.Build.0 = Debug|Any CPU
		{A849A01B-B8BF-4102-BEBD-0100B11047FB}.Release|Any CPU.ActiveCfg = Release|Any CPU
		{A849A01B-B8BF-4102-BEBD-0100B11047FB}.Release|Any CPU.Build.0 = Release|Any CPU
	EndGlobalSection
	GlobalSection(SolutionProperties) = preSolution
		HideSolutionNode = FALSE
	EndGlobalSection
	GlobalSection(ExtensibilityGlobals) = postSolution
		SolutionGuid = {96D882CC-B3A9-42D0-8782-129A3FF148AE}
	EndGlobalSection
EndGlobal
